
Microsoft Visual Studio Solution File, Format Version 12.00
# Visual Studio Version 16
VisualStudioVersion = 16.0.29025.244
MinimumVisualStudioVersion = 10.0.40219.1
Project("{FAE04EC0-301F-11D3-BF4B-00C04F79EFBC}") = "AdminUtilsClient", "AdminUtilsClient\AdminUtilsClient.csproj", "{ADBE8EA8-DA8B-44DE-8DF7-75F509B91435}"
EndProject
Project("{FAE04EC0-301F-11D3-BF4B-00C04F79EFBC}") = "AdminUtilsServer", "AdminUtilsServer\AdminUtilsServer.csproj", "{66C36E9A-C8CC-4C65-82C0-33C29071C4A6}"
EndProject
Global
	GlobalSection(SolutionConfigurationPlatforms) = preSolution
		Debug|Any CPU = Debug|Any CPU
		Release|Any CPU = Release|Any CPU
	EndGlobalSection
	GlobalSection(ProjectConfigurationPlatforms) = postSolution
		{ADBE8EA8-DA8B-44DE-8DF7-75F509B91435}.Debug|Any CPU.ActiveCfg = Debug|Any CPU
		{ADBE8EA8-DA8B-44DE-8DF7-75F509B91435}.Debug|Any CPU.Build.0 = Debug|Any CPU
		{ADBE8EA8-DA8B-44DE-8DF7-75F509B91435}.Release|Any CPU.ActiveCfg = Release|Any CPU
		{ADBE8EA8-DA8B-44DE-8DF7-75F509B91435}.Release|Any CPU.Build.0 = Release|Any CPU
		{66C36E9A-C8CC-4C65-82C0-33C29071C4A6}.Debug|Any CPU.ActiveCfg = Debug|Any CPU
		{66C36E9A-C8CC-4C65-82C0-33C29071C4A6}.Debug|Any CPU.Build.0 = Debug|Any CPU
		{66C36E9A-C8CC-4C65-82C0-33C29071C4A6}.Release|Any CPU.ActiveCfg = Release|Any CPU
		{66C36E9A-C8CC-4C65-82C0-33C29071C4A6}.Release|Any CPU.Build.0 = Release|Any CPU
	EndGlobalSection
	GlobalSection(SolutionProperties) = preSolution
		HideSolutionNode = FALSE
	EndGlobalSection
	GlobalSection(ExtensibilityGlobals) = postSolution
		SolutionGuid = {E8BF3447-9672-48BE-BED8-45BEF0685D80}
	EndGlobalSection
EndGlobal
